
Microsoft Visual Studio Solution File, Format Version 12.00
# Visual Studio Version 16
VisualStudioVersion = 16.0.30002.166
MinimumVisualStudioVersion = 10.0.40219.1
Project("{2150E333-8FDC-42A3-9474-1A3956D46DE8}") = "Presentation", "Presentation", "{28F59B4C-A9FD-4BC9-8FF4-C4D28D95F1EE}"
EndProject
Project("{2150E333-8FDC-42A3-9474-1A3956D46DE8}") = "Core", "Core", "{9968E807-411B-484F-8940-4E2B2BA96CE3}"
EndProject
Project("{2150E333-8FDC-42A3-9474-1A3956D46DE8}") = "Infrastructure", "Infrastructure", "{79A1B60A-2CE1-45D3-9D11-7EA980381F9A}"
EndProject
Project("{2150E333-8FDC-42A3-9474-1A3956D46DE8}") = "Microservices", "Microservices", "{BCD03532-F5BF-4DE9-806C-A6F49B2D6EB4}"
EndProject
Project("{9A19103F-16F7-4668-BE54-9A1E7A4F7556}") = "Web", "Web\Web.csproj", "{F9DCBC7B-FFF9-4BCE-AC99-CD3FFA6A47EE}"
EndProject
Project("{9A19103F-16F7-4668-BE54-9A1E7A4F7556}") = "Core.Bus.Domain", "Core.Bus.Domain\Core.Bus.Domain.csproj", "{A04CE5C3-9CFE-4E49-9F75-2E4DF4172C1F}"
EndProject
Project("{9A19103F-16F7-4668-BE54-9A1E7A4F7556}") = "Infrastructure.Bus", "Infrastructure.Bus\Infrastructure.Bus.csproj", "{68AC28E3-9A9D-4A10-8305-8EC7D0A53B48}"
EndProject
Project("{FAE04EC0-301F-11D3-BF4B-00C04F79EFBC}") = "Infrastructure.Ioc", "Infrastructure.Ioc\Infrastructure.Ioc.csproj", "{86274700-BF56-4B4A-94A2-AB4DE1CB97A1}"
EndProject
Project("{2150E333-8FDC-42A3-9474-1A3956D46DE8}") = "Management", "Management", "{FFF0CCC7-AD22-4C3E-9805-D006A570A1BD}"
EndProject
Project("{2150E333-8FDC-42A3-9474-1A3956D46DE8}") = "Employer", "Employer", "{A366F4EF-DB0F-4EA5-9359-50702A5CA4B1}"
EndProject
Project("{2150E333-8FDC-42A3-9474-1A3956D46DE8}") = "Api", "Api", "{308A1D89-F926-4DD5-817A-6CBD8F92AF11}"
EndProject
Project("{2150E333-8FDC-42A3-9474-1A3956D46DE8}") = "Core", "Core", "{4F8F84CF-604E-46C3-89A2-FE0413AB5389}"
EndProject
Project("{2150E333-8FDC-42A3-9474-1A3956D46DE8}") = "Infrastructure", "Infrastructure", "{DCBD9135-7313-4632-9536-866300551B22}"
EndProject
Project("{2150E333-8FDC-42A3-9474-1A3956D46DE8}") = "Domain", "Domain", "{6F7B5576-9F5C-448A-8A0B-7C6E697DDA13}"
EndProject
Project("{FAE04EC0-301F-11D3-BF4B-00C04F79EFBC}") = "Management.Domain", "Management.Domain\Management.Domain.csproj", "{CFD0EC52-3FBA-4194-830A-78C7D39510C8}"
EndProject
Project("{FAE04EC0-301F-11D3-BF4B-00C04F79EFBC}") = "Management.Infrastructure", "Management.Infrastructure\Management.Infrastructure.csproj", "{78612180-1CF6-457A-A5C8-D03CC388D22D}"
EndProject
Project("{FAE04EC0-301F-11D3-BF4B-00C04F79EFBC}") = "Management.Application", "Management.Application\Management.Application.csproj", "{D76B543A-4FF9-41D2-9D7D-149479E8A582}"
EndProject
Project("{FAE04EC0-301F-11D3-BF4B-00C04F79EFBC}") = "Management.Api", "Management.Api\Management.Api.csproj", "{CB3D14D1-4D00-4A13-A09B-01794F058C15}"
EndProject
Project("{2150E333-8FDC-42A3-9474-1A3956D46DE8}") = "Api", "Api", "{2B51D3F0-BA21-4BA3-8BC9-BB68D5746477}"
EndProject
Project("{2150E333-8FDC-42A3-9474-1A3956D46DE8}") = "Core", "Core", "{EC196F0E-35E5-48E4-A306-65B718BDF56C}"
EndProject
Project("{2150E333-8FDC-42A3-9474-1A3956D46DE8}") = "Domain", "Domain", "{2FED3BE5-B9E8-4A9E-AB56-109325B59D5F}"
EndProject
Project("{2150E333-8FDC-42A3-9474-1A3956D46DE8}") = "Infrastructure", "Infrastructure", "{193C18CD-C1EC-4D4F-95BC-F0B7E80DFAA3}"
EndProject
Project("{FAE04EC0-301F-11D3-BF4B-00C04F79EFBC}") = "Employer.Domain", "Employer.Domain\Employer.Domain.csproj", "{5A53F74C-08C1-474C-962A-A003723D89E1}"
EndProject
Project("{FAE04EC0-301F-11D3-BF4B-00C04F79EFBC}") = "Employer.Infrastructure", "Employer.Infrastructure\Employer.Infrastructure.csproj", "{08F25CCD-B293-4CC2-BFA1-F8DBCDB59500}"
EndProject
Project("{FAE04EC0-301F-11D3-BF4B-00C04F79EFBC}") = "Employer.Application", "Employer.Application\Employer.Application.csproj", "{834E2E84-977E-4FD2-9AB5-F22047166399}"
EndProject
Project("{FAE04EC0-301F-11D3-BF4B-00C04F79EFBC}") = "Employer.Api", "Employer.Api\Employer.Api.csproj", "{2703B68B-3A44-475A-9780-03D2517A68C9}"
EndProject
Global
	GlobalSection(SolutionConfigurationPlatforms) = preSolution
		Debug|Any CPU = Debug|Any CPU
		Release|Any CPU = Release|Any CPU
	EndGlobalSection
	GlobalSection(ProjectConfigurationPlatforms) = postSolution
		{F9DCBC7B-FFF9-4BCE-AC99-CD3FFA6A47EE}.Debug|Any CPU.ActiveCfg = Debug|Any CPU
		{F9DCBC7B-FFF9-4BCE-AC99-CD3FFA6A47EE}.Debug|Any CPU.Build.0 = Debug|Any CPU
		{F9DCBC7B-FFF9-4BCE-AC99-CD3FFA6A47EE}.Release|Any CPU.ActiveCfg = Release|Any CPU
		{F9DCBC7B-FFF9-4BCE-AC99-CD3FFA6A47EE}.Release|Any CPU.Build.0 = Release|Any CPU
		{A04CE5C3-9CFE-4E49-9F75-2E4DF4172C1F}.Debug|Any CPU.ActiveCfg = Debug|Any CPU
		{A04CE5C3-9CFE-4E49-9F75-2E4DF4172C1F}.Debug|Any CPU.Build.0 = Debug|Any CPU
		{A04CE5C3-9CFE-4E49-9F75-2E4DF4172C1F}.Release|Any CPU.ActiveCfg = Release|Any CPU
		{A04CE5C3-9CFE-4E49-9F75-2E4DF4172C1F}.Release|Any CPU.Build.0 = Release|Any CPU
		{68AC28E3-9A9D-4A10-8305-8EC7D0A53B48}.Debug|Any CPU.ActiveCfg = Debug|Any CPU
		{68AC28E3-9A9D-4A10-8305-8EC7D0A53B48}.Debug|Any CPU.Build.0 = Debug|Any CPU
		{68AC28E3-9A9D-4A10-8305-8EC7D0A53B48}.Release|Any CPU.ActiveCfg = Release|Any CPU
		{68AC28E3-9A9D-4A10-8305-8EC7D0A53B48}.Release|Any CPU.Build.0 = Release|Any CPU
		{86274700-BF56-4B4A-94A2-AB4DE1CB97A1}.Debug|Any CPU.ActiveCfg = Debug|Any CPU
		{86274700-BF56-4B4A-94A2-AB4DE1CB97A1}.Debug|Any CPU.Build.0 = Debug|Any CPU
		{86274700-BF56-4B4A-94A2-AB4DE1CB97A1}.Release|Any CPU.ActiveCfg = Release|Any CPU
		{86274700-BF56-4B4A-94A2-AB4DE1CB97A1}.Release|Any CPU.Build.0 = Release|Any CPU
		{CFD0EC52-3FBA-4194-830A-78C7D39510C8}.Debug|Any CPU.ActiveCfg = Debug|Any CPU
		{CFD0EC52-3FBA-4194-830A-78C7D39510C8}.Debug|Any CPU.Build.0 = Debug|Any CPU
		{CFD0EC52-3FBA-4194-830A-78C7D39510C8}.Release|Any CPU.ActiveCfg = Release|Any CPU
		{CFD0EC52-3FBA-4194-830A-78C7D39510C8}.Release|Any CPU.Build.0 = Release|Any CPU
		{78612180-1CF6-457A-A5C8-D03CC388D22D}.Debug|Any CPU.ActiveCfg = Debug|Any CPU
		{78612180-1CF6-457A-A5C8-D03CC388D22D}.Debug|Any CPU.Build.0 = Debug|Any CPU
		{78612180-1CF6-457A-A5C8-D03CC388D22D}.Release|Any CPU.ActiveCfg = Release|Any CPU
		{78612180-1CF6-457A-A5C8-D03CC388D22D}.Release|Any CPU.Build.0 = Release|Any CPU
		{D76B543A-4FF9-41D2-9D7D-149479E8A582}.Debug|Any CPU.ActiveCfg = Debug|Any CPU
		{D76B543A-4FF9-41D2-9D7D-149479E8A582}.Debug|Any CPU.Build.0 = Debug|Any CPU
		{D76B543A-4FF9-41D2-9D7D-149479E8A582}.Release|Any CPU.ActiveCfg = Release|Any CPU
		{D76B543A-4FF9-41D2-9D7D-149479E8A582}.Release|Any CPU.Build.0 = Release|Any CPU
		{CB3D14D1-4D00-4A13-A09B-01794F058C15}.Debug|Any CPU.ActiveCfg = Debug|Any CPU
		{CB3D14D1-4D00-4A13-A09B-01794F058C15}.Debug|Any CPU.Build.0 = Debug|Any CPU
		{CB3D14D1-4D00-4A13-A09B-01794F058C15}.Release|Any CPU.ActiveCfg = Release|Any CPU
		{CB3D14D1-4D00-4A13-A09B-01794F058C15}.Release|Any CPU.Build.0 = Release|Any CPU
		{5A53F74C-08C1-474C-962A-A003723D89E1}.Debug|Any CPU.ActiveCfg = Debug|Any CPU
		{5A53F74C-08C1-474C-962A-A003723D89E1}.Debug|Any CPU.Build.0 = Debug|Any CPU
		{5A53F74C-08C1-474C-962A-A003723D89E1}.Release|Any CPU.ActiveCfg = Release|Any CPU
		{5A53F74C-08C1-474C-962A-A003723D89E1}.Release|Any CPU.Build.0 = Release|Any CPU
		{08F25CCD-B293-4CC2-BFA1-F8DBCDB59500}.Debug|Any CPU.ActiveCfg = Debug|Any CPU
		{08F25CCD-B293-4CC2-BFA1-F8DBCDB59500}.Debug|Any CPU.Build.0 = Debug|Any CPU
		{08F25CCD-B293-4CC2-BFA1-F8DBCDB59500}.Release|Any CPU.ActiveCfg = Release|Any CPU
		{08F25CCD-B293-4CC2-BFA1-F8DBCDB59500}.Release|Any CPU.Build.0 = Release|Any CPU
		{834E2E84-977E-4FD2-9AB5-F22047166399}.Debug|Any CPU.ActiveCfg = Debug|Any CPU
		{834E2E84-977E-4FD2-9AB5-F22047166399}.Debug|Any CPU.Build.0 = Debug|Any CPU
		{834E2E84-977E-4FD2-9AB5-F22047166399}.Release|Any CPU.ActiveCfg = Release|Any CPU
		{834E2E84-977E-4FD2-9AB5-F22047166399}.Release|Any CPU.Build.0 = Release|Any CPU
		{2703B68B-3A44-475A-9780-03D2517A68C9}.Debug|Any CPU.ActiveCfg = Debug|Any CPU
		{2703B68B-3A44-475A-9780-03D2517A68C9}.Debug|Any CPU.Build.0 = Debug|Any CPU
		{2703B68B-3A44-475A-9780-03D2517A68C9}.Release|Any CPU.ActiveCfg = Release|Any CPU
		{2703B68B-3A44-475A-9780-03D2517A68C9}.Release|Any CPU.Build.0 = Release|Any CPU
	EndGlobalSection
	GlobalSection(SolutionProperties) = preSolution
		HideSolutionNode = FALSE
	EndGlobalSection
	GlobalSection(NestedProjects) = preSolution
		{F9DCBC7B-FFF9-4BCE-AC99-CD3FFA6A47EE} = {28F59B4C-A9FD-4BC9-8FF4-C4D28D95F1EE}
		{A04CE5C3-9CFE-4E49-9F75-2E4DF4172C1F} = {9968E807-411B-484F-8940-4E2B2BA96CE3}
		{68AC28E3-9A9D-4A10-8305-8EC7D0A53B48} = {79A1B60A-2CE1-45D3-9D11-7EA980381F9A}
		{86274700-BF56-4B4A-94A2-AB4DE1CB97A1} = {79A1B60A-2CE1-45D3-9D11-7EA980381F9A}
		{FFF0CCC7-AD22-4C3E-9805-D006A570A1BD} = {BCD03532-F5BF-4DE9-806C-A6F49B2D6EB4}
		{A366F4EF-DB0F-4EA5-9359-50702A5CA4B1} = {BCD03532-F5BF-4DE9-806C-A6F49B2D6EB4}
		{308A1D89-F926-4DD5-817A-6CBD8F92AF11} = {FFF0CCC7-AD22-4C3E-9805-D006A570A1BD}
		{4F8F84CF-604E-46C3-89A2-FE0413AB5389} = {FFF0CCC7-AD22-4C3E-9805-D006A570A1BD}
		{DCBD9135-7313-4632-9536-866300551B22} = {FFF0CCC7-AD22-4C3E-9805-D006A570A1BD}
		{6F7B5576-9F5C-448A-8A0B-7C6E697DDA13} = {FFF0CCC7-AD22-4C3E-9805-D006A570A1BD}
		{CFD0EC52-3FBA-4194-830A-78C7D39510C8} = {6F7B5576-9F5C-448A-8A0B-7C6E697DDA13}
		{78612180-1CF6-457A-A5C8-D03CC388D22D} = {DCBD9135-7313-4632-9536-866300551B22}
		{D76B543A-4FF9-41D2-9D7D-149479E8A582} = {4F8F84CF-604E-46C3-89A2-FE0413AB5389}
		{CB3D14D1-4D00-4A13-A09B-01794F058C15} = {308A1D89-F926-4DD5-817A-6CBD8F92AF11}
		{2B51D3F0-BA21-4BA3-8BC9-BB68D5746477} = {A366F4EF-DB0F-4EA5-9359-50702A5CA4B1}
		{EC196F0E-35E5-48E4-A306-65B718BDF56C} = {A366F4EF-DB0F-4EA5-9359-50702A5CA4B1}
		{2FED3BE5-B9E8-4A9E-AB56-109325B59D5F} = {A366F4EF-DB0F-4EA5-9359-50702A5CA4B1}
		{193C18CD-C1EC-4D4F-95BC-F0B7E80DFAA3} = {A366F4EF-DB0F-4EA5-9359-50702A5CA4B1}
		{5A53F74C-08C1-474C-962A-A003723D89E1} = {2FED3BE5-B9E8-4A9E-AB56-109325B59D5F}
		{08F25CCD-B293-4CC2-BFA1-F8DBCDB59500} = {193C18CD-C1EC-4D4F-95BC-F0B7E80DFAA3}
		{834E2E84-977E-4FD2-9AB5-F22047166399} = {EC196F0E-35E5-48E4-A306-65B718BDF56C}
		{2703B68B-3A44-475A-9780-03D2517A68C9} = {2B51D3F0-BA21-4BA3-8BC9-BB68D5746477}
	EndGlobalSection
	GlobalSection(ExtensibilityGlobals) = postSolution
		SolutionGuid = {7053C97F-0116-431C-AB38-B68F102B4604}
	EndGlobalSection
EndGlobal
